// !$*UTF8*$!
{
	archiveVersion = 1;
	classes = {
	};
	objectVersion = 52;
	objects = {

/* Begin PBXBuildFile section */
		230D987828A8F111008D19CA /* LevelSelectPresenter.swift in Sources */ = {isa = PBXBuildFile; fileRef = 230D987728A8F111008D19CA /* LevelSelectPresenter.swift */; };
		2310D37429868F3B001168B7 /* InnerOuterRingObstacle.swift in Sources */ = {isa = PBXBuildFile; fileRef = 2310D37329868F3B001168B7 /* InnerOuterRingObstacle.swift */; };
		2317B83C288C080700EBFDCE /* RingObstacle.swift in Sources */ = {isa = PBXBuildFile; fileRef = 2317B83B288C080700EBFDCE /* RingObstacle.swift */; };
		232440B5291C3D7500B3CB8D /* LevelFinishPresenter.swift in Sources */ = {isa = PBXBuildFile; fileRef = 232440B4291C3D7500B3CB8D /* LevelFinishPresenter.swift */; };
		232E1B2C2892F53C00F38DA2 /* FragmentedRingObstacle.swift in Sources */ = {isa = PBXBuildFile; fileRef = 232E1B2B2892F53C00F38DA2 /* FragmentedRingObstacle.swift */; };
		232E1B2E2892FA4F00F38DA2 /* ArcObstacle.swift in Sources */ = {isa = PBXBuildFile; fileRef = 232E1B2D2892FA4F00F38DA2 /* ArcObstacle.swift */; };
		2335706A28A0372D004C163B /* CGPathIntersection in Frameworks */ = {isa = PBXBuildFile; productRef = 2335706928A0372D004C163B /* CGPathIntersection */; };
		2348C9C2289452950096F7E4 /* RingObstacleShaterrer.swift in Sources */ = {isa = PBXBuildFile; fileRef = 2348C9C1289452950096F7E4 /* RingObstacleShaterrer.swift */; };
		2348C9C42896895D0096F7E4 /* Shatterer.swift in Sources */ = {isa = PBXBuildFile; fileRef = 2348C9C32896895D0096F7E4 /* Shatterer.swift */; };
		235778FF2982D4FD00AB56E7 /* Amplitude in Frameworks */ = {isa = PBXBuildFile; productRef = 235778FE2982D4FD00AB56E7 /* Amplitude */; };
		235F0B112991999100646875 /* GameKitHelper.swift in Sources */ = {isa = PBXBuildFile; fileRef = 235F0B102991999100646875 /* GameKitHelper.swift */; };
		2379442729158B8300C3320F /* ModeSelectPresenter.swift in Sources */ = {isa = PBXBuildFile; fileRef = 2379442629158B8300C3320F /* ModeSelectPresenter.swift */; };
		2379442F2918154E00C3320F /* TitleButtonsView.swift in Sources */ = {isa = PBXBuildFile; fileRef = 2379442E2918154E00C3320F /* TitleButtonsView.swift */; };
		237944322918158600C3320F /* ButtonViewModel.swift in Sources */ = {isa = PBXBuildFile; fileRef = 237944312918158600C3320F /* ButtonViewModel.swift */; };
		237944342919884300C3320F /* LevelFailedPresenter.swift in Sources */ = {isa = PBXBuildFile; fileRef = 237944332919884300C3320F /* LevelFailedPresenter.swift */; };
		23825AB028A8FB5C005E8273 /* BackgroundPresenter.swift in Sources */ = {isa = PBXBuildFile; fileRef = 23825AAF28A8FB5C005E8273 /* BackgroundPresenter.swift */; };
		23831FC8289FC19C002624BD /* StackArcObstacle.swift in Sources */ = {isa = PBXBuildFile; fileRef = 23831FC7289FC19C002624BD /* StackArcObstacle.swift */; };
		2388BA7428731DD800D27DBD /* MajorMonoDisplay-Regular.ttf in Resources */ = {isa = PBXBuildFile; fileRef = 2388BA7328731D7700D27DBD /* MajorMonoDisplay-Regular.ttf */; };
		2388BA78287349BE00D27DBD /* TrivialUISceneText.swift in Sources */ = {isa = PBXBuildFile; fileRef = 2388BA77287349BE00D27DBD /* TrivialUISceneText.swift */; };
		2388BA7A287349F700D27DBD /* TrivialUISceneButton.swift in Sources */ = {isa = PBXBuildFile; fileRef = 2388BA79287349F700D27DBD /* TrivialUISceneButton.swift */; };
		2388BA7E287351AC00D27DBD /* ButtonNode.swift in Sources */ = {isa = PBXBuildFile; fileRef = 2388BA7D287351AC00D27DBD /* ButtonNode.swift */; };
		23902E9C28A7AB7100D309DB /* Progress.swift in Sources */ = {isa = PBXBuildFile; fileRef = 23902E9B28A7AB7100D309DB /* Progress.swift */; };
		2391E95A286BA0820043BCA4 /* HeroShatterer.swift in Sources */ = {isa = PBXBuildFile; fileRef = 2391E959286BA0820043BCA4 /* HeroShatterer.swift */; };
		23A9528F290D3D7C00B17C57 /* InfiniteStartPresenter.swift in Sources */ = {isa = PBXBuildFile; fileRef = 23A9528E290D3D7C00B17C57 /* InfiniteStartPresenter.swift */; };
		23B33AC5287813AF00827535 /* Config.swift in Sources */ = {isa = PBXBuildFile; fileRef = 23B33AC4287813AF00827535 /* Config.swift */; };
		23B33AC828782E2E00827535 /* Localizable.strings in Resources */ = {isa = PBXBuildFile; fileRef = 23B33ACA28782E2E00827535 /* Localizable.strings */; };
		23B5F89D292A06DE006726FC /* PingPongPlankObstacle.swift in Sources */ = {isa = PBXBuildFile; fileRef = 23B5F89C292A06DE006726FC /* PingPongPlankObstacle.swift */; };
		23B5F89F292A15A1006726FC /* GatePlankObstacle.swift in Sources */ = {isa = PBXBuildFile; fileRef = 23B5F89E292A15A1006726FC /* GatePlankObstacle.swift */; };
		23C0678D2880997900E2A5C9 /* StackObstacle.swift in Sources */ = {isa = PBXBuildFile; fileRef = 23C0678C2880997900E2A5C9 /* StackObstacle.swift */; };
		23D5CDEE287DFDFC00523B8B /* PendulumPlankObstacle.swift in Sources */ = {isa = PBXBuildFile; fileRef = 23D5CDED287DFDFC00523B8B /* PendulumPlankObstacle.swift */; };
		23DF8F5F2891ACBE00B43541 /* CarouselPlankObstacle.swift in Sources */ = {isa = PBXBuildFile; fileRef = 23DF8F5E2891ACBE00B43541 /* CarouselPlankObstacle.swift */; };
		23E3466D28A90892005044B6 /* LevelSelectView.swift in Sources */ = {isa = PBXBuildFile; fileRef = 23E3466C28A90892005044B6 /* LevelSelectView.swift */; };
		23E3467028A91291005044B6 /* PinLayout in Frameworks */ = {isa = PBXBuildFile; productRef = 23E3466F28A91291005044B6 /* PinLayout */; };
		23E3467228AA883B005044B6 /* LevelButtonModel.swift in Sources */ = {isa = PBXBuildFile; fileRef = 23E3467128AA883B005044B6 /* LevelButtonModel.swift */; };
		23E3467428AAB712005044B6 /* LevelSelectButton.swift in Sources */ = {isa = PBXBuildFile; fileRef = 23E3467328AAB712005044B6 /* LevelSelectButton.swift */; };
		23E9F4D228903C110045651D /* SandboxScene.swift in Sources */ = {isa = PBXBuildFile; fileRef = 23E9F4D128903C110045651D /* SandboxScene.swift */; };
		23F5D3D8297C0A3900C506FC /* LevelFactory.swift in Sources */ = {isa = PBXBuildFile; fileRef = 23F5D3D7297C0A3900C506FC /* LevelFactory.swift */; };
		23F5D3E2297C17C100C506FC /* AlegreyaSansSC-Light.ttf in Resources */ = {isa = PBXBuildFile; fileRef = 23F5D3E1297C17BD00C506FC /* AlegreyaSansSC-Light.ttf */; };
		23F5D3E4297EC5A600C506FC /* NotoSansJP-Thin.otf in Resources */ = {isa = PBXBuildFile; fileRef = 23F5D3E3297EC5A200C506FC /* NotoSansJP-Thin.otf */; };
		23F97A7E293A82620055F709 /* shatter.mp3 in Resources */ = {isa = PBXBuildFile; fileRef = 23F97A7D293A82620055F709 /* shatter.mp3 */; };
		23FD3D1828784BF2007C178C /* LanguageManager-iOS in Frameworks */ = {isa = PBXBuildFile; productRef = 23FD3D1728784BF2007C178C /* LanguageManager-iOS */; };
		23FD3D1928784D3D007C178C /* Localizable.strings in Resources */ = {isa = PBXBuildFile; fileRef = 23B33ACA28782E2E00827535 /* Localizable.strings */; };
		23FD3D1A28784D3E007C178C /* Localizable.strings in Resources */ = {isa = PBXBuildFile; fileRef = 23B33ACA28782E2E00827535 /* Localizable.strings */; };
		23FD3D1C2879753D007C178C /* Obstacle.swift in Sources */ = {isa = PBXBuildFile; fileRef = 23FD3D1B2879753D007C178C /* Obstacle.swift */; };
		23FD3D1E28797A0A007C178C /* MultiStateObstacle.swift in Sources */ = {isa = PBXBuildFile; fileRef = 23FD3D1D28797A0A007C178C /* MultiStateObstacle.swift */; };
		23FD3D20287C8B08007C178C /* MultiStatePlankObstacle.swift in Sources */ = {isa = PBXBuildFile; fileRef = 23FD3D1F287C8B08007C178C /* MultiStatePlankObstacle.swift */; };
		23FD3D22287CBFE4007C178C /* SKHelper.swift in Sources */ = {isa = PBXBuildFile; fileRef = 23FD3D21287CBFE4007C178C /* SKHelper.swift */; };
		23FD3D24287D4DC6007C178C /* ChallengingLevelFactory.swift in Sources */ = {isa = PBXBuildFile; fileRef = 23FD3D23287D4DC6007C178C /* ChallengingLevelFactory.swift */; };
		78C0F6E39B8DC654C626DC3F /* Pods_catcherTests.framework in Frameworks */ = {isa = PBXBuildFile; fileRef = 067F0302B13A1BADBBE48596 /* Pods_catcherTests.framework */; };
		800609452525DFC4007DA1FA /* TestScene.swift in Sources */ = {isa = PBXBuildFile; fileRef = 800609442525DFC4007DA1FA /* TestScene.swift */; };
		8012B4FF25458C8700ACBCC0 /* Presenter.swift in Sources */ = {isa = PBXBuildFile; fileRef = 8012B4FE25458C8700ACBCC0 /* Presenter.swift */; };
		8012B50725458FB400ACBCC0 /* BattleFieldPresenter.swift in Sources */ = {isa = PBXBuildFile; fileRef = 8012B50625458FB400ACBCC0 /* BattleFieldPresenter.swift */; };
		8012B50C2545918B00ACBCC0 /* OnboardingPresenter.swift in Sources */ = {isa = PBXBuildFile; fileRef = 8012B50B2545918B00ACBCC0 /* OnboardingPresenter.swift */; };
		8012B526254606FA00ACBCC0 /* Colors.swift in Sources */ = {isa = PBXBuildFile; fileRef = 8012B525254606FA00ACBCC0 /* Colors.swift */; };
		8030890D2528893A00C51C22 /* GridGenerator.swift in Sources */ = {isa = PBXBuildFile; fileRef = 8030890C2528893A00C51C22 /* GridGenerator.swift */; };
		8030892F2528B78800C51C22 /* InfiniteBackgroundManager.swift in Sources */ = {isa = PBXBuildFile; fileRef = 8030892E2528B78800C51C22 /* InfiniteBackgroundManager.swift */; };
		8033B22C2542B0D90050C162 /* Mask.swift in Sources */ = {isa = PBXBuildFile; fileRef = 8033B22B2542B0D90050C162 /* Mask.swift */; };
		8056EF18253C91AF000D226E /* InfiniteBorderManager.swift in Sources */ = {isa = PBXBuildFile; fileRef = 8056EF17253C91AF000D226E /* InfiniteBorderManager.swift */; };
		806B9DDD25455629003CB4EE /* Level.swift in Sources */ = {isa = PBXBuildFile; fileRef = 806B9DDC25455629003CB4EE /* Level.swift */; };
		806B9DE525456510003CB4EE /* GamePresenter.swift in Sources */ = {isa = PBXBuildFile; fileRef = 806B9DE425456510003CB4EE /* GamePresenter.swift */; };
		8087E43E25442C8B00340D10 /* State.swift in Sources */ = {isa = PBXBuildFile; fileRef = 8087E43D25442C8B00340D10 /* State.swift */; };
		8087E44925444AE500340D10 /* TrivialUIScene.swift in Sources */ = {isa = PBXBuildFile; fileRef = 8087E44825444AE500340D10 /* TrivialUIScene.swift */; };
		8087E45925446E4000340D10 /* PlankObstacleShatterer.swift in Sources */ = {isa = PBXBuildFile; fileRef = 8087E45825446E4000340D10 /* PlankObstacleShatterer.swift */; };
		8087E4612544A75900340D10 /* Launch Screen.storyboard in Resources */ = {isa = PBXBuildFile; fileRef = 8087E4602544A75800340D10 /* Launch Screen.storyboard */; };
		80890CFE2540058A00F5552B /* RectObstacle.swift in Sources */ = {isa = PBXBuildFile; fileRef = 80890CFD2540058A00F5552B /* RectObstacle.swift */; };
		80890D06254006C200F5552B /* ObstacleArranger.swift in Sources */ = {isa = PBXBuildFile; fileRef = 80890D05254006C200F5552B /* ObstacleArranger.swift */; };
		809AD8C92561A3A00057C76E /* TrivialUISceneElement.swift in Sources */ = {isa = PBXBuildFile; fileRef = 809AD8C82561A3A00057C76E /* TrivialUISceneElement.swift */; };
		809DE937254F169400975BD5 /* TextTypeNode.swift in Sources */ = {isa = PBXBuildFile; fileRef = 809DE936254F169400975BD5 /* TextTypeNode.swift */; };
		80A4C33725396EE200EEB097 /* QuadraticSolver.swift in Sources */ = {isa = PBXBuildFile; fileRef = 80A4C33625396EE200EEB097 /* QuadraticSolver.swift */; };
		80CA5F332524F187003E900D /* AppDelegate.swift in Sources */ = {isa = PBXBuildFile; fileRef = 80CA5F322524F187003E900D /* AppDelegate.swift */; };
		80CA5F392524F187003E900D /* BattleFieldScene.swift in Sources */ = {isa = PBXBuildFile; fileRef = 80CA5F382524F187003E900D /* BattleFieldScene.swift */; };
		80CA5F3B2524F187003E900D /* GameViewController.swift in Sources */ = {isa = PBXBuildFile; fileRef = 80CA5F3A2524F187003E900D /* GameViewController.swift */; };
		80CA5F3E2524F187003E900D /* Main.storyboard in Resources */ = {isa = PBXBuildFile; fileRef = 80CA5F3C2524F187003E900D /* Main.storyboard */; };
		80CA5F402524F18C003E900D /* Assets.xcassets in Resources */ = {isa = PBXBuildFile; fileRef = 80CA5F3F2524F18C003E900D /* Assets.xcassets */; };
		80CA5F4B2524F18D003E900D /* catcherTests.swift in Sources */ = {isa = PBXBuildFile; fileRef = 80CA5F4A2524F18C003E900D /* catcherTests.swift */; };
		80CA5F562524F18D003E900D /* catcherUITests.swift in Sources */ = {isa = PBXBuildFile; fileRef = 80CA5F552524F18D003E900D /* catcherUITests.swift */; };
		80CA5F672524F711003E900D /* Hero.swift in Sources */ = {isa = PBXBuildFile; fileRef = 80CA5F662524F711003E900D /* Hero.swift */; };
		80CA5F7425251221003E900D /* CGUtils.swift in Sources */ = {isa = PBXBuildFile; fileRef = 80CA5F7325251221003E900D /* CGUtils.swift */; };
		B48118769D2D6398DFEA359D /* Pods_catcher_catcherUITests.framework in Frameworks */ = {isa = PBXBuildFile; fileRef = 619FE2DCCAF04EEA0BBDACCB /* Pods_catcher_catcherUITests.framework */; };
/* End PBXBuildFile section */

/* Begin PBXContainerItemProxy section */
		80CA5F472524F18C003E900D /* PBXContainerItemProxy */ = {
			isa = PBXContainerItemProxy;
			containerPortal = 80CA5F272524F187003E900D /* Project object */;
			proxyType = 1;
			remoteGlobalIDString = 80CA5F2E2524F187003E900D;
			remoteInfo = catcher;
		};
		80CA5F522524F18D003E900D /* PBXContainerItemProxy */ = {
			isa = PBXContainerItemProxy;
			containerPortal = 80CA5F272524F187003E900D /* Project object */;
			proxyType = 1;
			remoteGlobalIDString = 80CA5F2E2524F187003E900D;
			remoteInfo = catcher;
		};
/* End PBXContainerItemProxy section */

/* Begin PBXFileReference section */
		067F0302B13A1BADBBE48596 /* Pods_catcherTests.framework */ = {isa = PBXFileReference; explicitFileType = wrapper.framework; includeInIndex = 0; path = Pods_catcherTests.framework; sourceTree = BUILT_PRODUCTS_DIR; };
		230D987728A8F111008D19CA /* LevelSelectPresenter.swift */ = {isa = PBXFileReference; lastKnownFileType = sourcecode.swift; path = LevelSelectPresenter.swift; sourceTree = "<group>"; };
		2310D37329868F3B001168B7 /* InnerOuterRingObstacle.swift */ = {isa = PBXFileReference; lastKnownFileType = sourcecode.swift; path = InnerOuterRingObstacle.swift; sourceTree = "<group>"; };
		2317B83B288C080700EBFDCE /* RingObstacle.swift */ = {isa = PBXFileReference; lastKnownFileType = sourcecode.swift; path = RingObstacle.swift; sourceTree = "<group>"; };
		232440B4291C3D7500B3CB8D /* LevelFinishPresenter.swift */ = {isa = PBXFileReference; lastKnownFileType = sourcecode.swift; path = LevelFinishPresenter.swift; sourceTree = "<group>"; };
		232E1B2B2892F53C00F38DA2 /* FragmentedRingObstacle.swift */ = {isa = PBXFileReference; lastKnownFileType = sourcecode.swift; path = FragmentedRingObstacle.swift; sourceTree = "<group>"; };
		232E1B2D2892FA4F00F38DA2 /* ArcObstacle.swift */ = {isa = PBXFileReference; lastKnownFileType = sourcecode.swift; path = ArcObstacle.swift; sourceTree = "<group>"; };
		2348C9C1289452950096F7E4 /* RingObstacleShaterrer.swift */ = {isa = PBXFileReference; lastKnownFileType = sourcecode.swift; path = RingObstacleShaterrer.swift; sourceTree = "<group>"; };
		2348C9C32896895D0096F7E4 /* Shatterer.swift */ = {isa = PBXFileReference; lastKnownFileType = sourcecode.swift; path = Shatterer.swift; sourceTree = "<group>"; };
		235F0B102991999100646875 /* GameKitHelper.swift */ = {isa = PBXFileReference; lastKnownFileType = sourcecode.swift; path = GameKitHelper.swift; sourceTree = "<group>"; };
		2379442629158B8300C3320F /* ModeSelectPresenter.swift */ = {isa = PBXFileReference; lastKnownFileType = sourcecode.swift; path = ModeSelectPresenter.swift; sourceTree = "<group>"; };
		2379442E2918154E00C3320F /* TitleButtonsView.swift */ = {isa = PBXFileReference; lastKnownFileType = sourcecode.swift; path = TitleButtonsView.swift; sourceTree = "<group>"; };
		237944312918158600C3320F /* ButtonViewModel.swift */ = {isa = PBXFileReference; lastKnownFileType = sourcecode.swift; path = ButtonViewModel.swift; sourceTree = "<group>"; };
		237944332919884300C3320F /* LevelFailedPresenter.swift */ = {isa = PBXFileReference; lastKnownFileType = sourcecode.swift; path = LevelFailedPresenter.swift; sourceTree = "<group>"; };
		23825AAF28A8FB5C005E8273 /* BackgroundPresenter.swift */ = {isa = PBXFileReference; lastKnownFileType = sourcecode.swift; path = BackgroundPresenter.swift; sourceTree = "<group>"; };
		23831FC7289FC19C002624BD /* StackArcObstacle.swift */ = {isa = PBXFileReference; lastKnownFileType = sourcecode.swift; path = StackArcObstacle.swift; sourceTree = "<group>"; };
		2388BA7328731D7700D27DBD /* MajorMonoDisplay-Regular.ttf */ = {isa = PBXFileReference; lastKnownFileType = file; path = "MajorMonoDisplay-Regular.ttf"; sourceTree = "<group>"; };
		2388BA77287349BE00D27DBD /* TrivialUISceneText.swift */ = {isa = PBXFileReference; lastKnownFileType = sourcecode.swift; path = TrivialUISceneText.swift; sourceTree = "<group>"; };
		2388BA79287349F700D27DBD /* TrivialUISceneButton.swift */ = {isa = PBXFileReference; lastKnownFileType = sourcecode.swift; path = TrivialUISceneButton.swift; sourceTree = "<group>"; };
		2388BA7D287351AC00D27DBD /* ButtonNode.swift */ = {isa = PBXFileReference; lastKnownFileType = sourcecode.swift; path = ButtonNode.swift; sourceTree = "<group>"; };
		23902E9B28A7AB7100D309DB /* Progress.swift */ = {isa = PBXFileReference; lastKnownFileType = sourcecode.swift; path = Progress.swift; sourceTree = "<group>"; };
		2391E959286BA0820043BCA4 /* HeroShatterer.swift */ = {isa = PBXFileReference; lastKnownFileType = sourcecode.swift; path = HeroShatterer.swift; sourceTree = "<group>"; };
		23A9528E290D3D7C00B17C57 /* InfiniteStartPresenter.swift */ = {isa = PBXFileReference; lastKnownFileType = sourcecode.swift; path = InfiniteStartPresenter.swift; sourceTree = "<group>"; };
		23B33AC4287813AF00827535 /* Config.swift */ = {isa = PBXFileReference; lastKnownFileType = sourcecode.swift; path = Config.swift; sourceTree = "<group>"; };
		23B33AC928782E2E00827535 /* en */ = {isa = PBXFileReference; lastKnownFileType = text.plist.strings; name = en; path = en.lproj/Localizable.strings; sourceTree = "<group>"; };
		23B33ACD28782E7F00827535 /* ru */ = {isa = PBXFileReference; lastKnownFileType = text.plist.strings; name = ru; path = ru.lproj/Localizable.strings; sourceTree = "<group>"; };
		23B5F89C292A06DE006726FC /* PingPongPlankObstacle.swift */ = {isa = PBXFileReference; lastKnownFileType = sourcecode.swift; path = PingPongPlankObstacle.swift; sourceTree = "<group>"; };
		23B5F89E292A15A1006726FC /* GatePlankObstacle.swift */ = {isa = PBXFileReference; lastKnownFileType = sourcecode.swift; path = GatePlankObstacle.swift; sourceTree = "<group>"; };
		23C0678C2880997900E2A5C9 /* StackObstacle.swift */ = {isa = PBXFileReference; lastKnownFileType = sourcecode.swift; path = StackObstacle.swift; sourceTree = "<group>"; };
		23D5CDED287DFDFC00523B8B /* PendulumPlankObstacle.swift */ = {isa = PBXFileReference; lastKnownFileType = sourcecode.swift; path = PendulumPlankObstacle.swift; sourceTree = "<group>"; };
		23DF8F5E2891ACBE00B43541 /* CarouselPlankObstacle.swift */ = {isa = PBXFileReference; lastKnownFileType = sourcecode.swift; path = CarouselPlankObstacle.swift; sourceTree = "<group>"; };
		23E3466C28A90892005044B6 /* LevelSelectView.swift */ = {isa = PBXFileReference; lastKnownFileType = sourcecode.swift; path = LevelSelectView.swift; sourceTree = "<group>"; };
		23E3467128AA883B005044B6 /* LevelButtonModel.swift */ = {isa = PBXFileReference; lastKnownFileType = sourcecode.swift; path = LevelButtonModel.swift; sourceTree = "<group>"; };
		23E3467328AAB712005044B6 /* LevelSelectButton.swift */ = {isa = PBXFileReference; lastKnownFileType = sourcecode.swift; path = LevelSelectButton.swift; sourceTree = "<group>"; };
		23E9F4D128903C110045651D /* SandboxScene.swift */ = {isa = PBXFileReference; lastKnownFileType = sourcecode.swift; path = SandboxScene.swift; sourceTree = "<group>"; };
		23F5D3D7297C0A3900C506FC /* LevelFactory.swift */ = {isa = PBXFileReference; lastKnownFileType = sourcecode.swift; path = LevelFactory.swift; sourceTree = "<group>"; };
		23F5D3E1297C17BD00C506FC /* AlegreyaSansSC-Light.ttf */ = {isa = PBXFileReference; lastKnownFileType = file; path = "AlegreyaSansSC-Light.ttf"; sourceTree = "<group>"; };
		23F5D3E3297EC5A200C506FC /* NotoSansJP-Thin.otf */ = {isa = PBXFileReference; lastKnownFileType = file; path = "NotoSansJP-Thin.otf"; sourceTree = "<group>"; };
		23F97A7D293A82620055F709 /* shatter.mp3 */ = {isa = PBXFileReference; lastKnownFileType = audio.mp3; path = shatter.mp3; sourceTree = "<group>"; };
		23FD3D1B2879753D007C178C /* Obstacle.swift */ = {isa = PBXFileReference; lastKnownFileType = sourcecode.swift; path = Obstacle.swift; sourceTree = "<group>"; };
		23FD3D1D28797A0A007C178C /* MultiStateObstacle.swift */ = {isa = PBXFileReference; lastKnownFileType = sourcecode.swift; path = MultiStateObstacle.swift; sourceTree = "<group>"; };
		23FD3D1F287C8B08007C178C /* MultiStatePlankObstacle.swift */ = {isa = PBXFileReference; lastKnownFileType = sourcecode.swift; path = MultiStatePlankObstacle.swift; sourceTree = "<group>"; };
		23FD3D21287CBFE4007C178C /* SKHelper.swift */ = {isa = PBXFileReference; lastKnownFileType = sourcecode.swift; path = SKHelper.swift; sourceTree = "<group>"; };
		23FD3D23287D4DC6007C178C /* ChallengingLevelFactory.swift */ = {isa = PBXFileReference; lastKnownFileType = sourcecode.swift; path = ChallengingLevelFactory.swift; sourceTree = "<group>"; };
		619FE2DCCAF04EEA0BBDACCB /* Pods_catcher_catcherUITests.framework */ = {isa = PBXFileReference; explicitFileType = wrapper.framework; includeInIndex = 0; path = Pods_catcher_catcherUITests.framework; sourceTree = BUILT_PRODUCTS_DIR; };
		800609442525DFC4007DA1FA /* TestScene.swift */ = {isa = PBXFileReference; lastKnownFileType = sourcecode.swift; path = TestScene.swift; sourceTree = "<group>"; };
		8012B4FE25458C8700ACBCC0 /* Presenter.swift */ = {isa = PBXFileReference; lastKnownFileType = sourcecode.swift; path = Presenter.swift; sourceTree = "<group>"; };
		8012B50625458FB400ACBCC0 /* BattleFieldPresenter.swift */ = {isa = PBXFileReference; lastKnownFileType = sourcecode.swift; path = BattleFieldPresenter.swift; sourceTree = "<group>"; };
		8012B50B2545918B00ACBCC0 /* OnboardingPresenter.swift */ = {isa = PBXFileReference; lastKnownFileType = sourcecode.swift; path = OnboardingPresenter.swift; sourceTree = "<group>"; };
		8012B525254606FA00ACBCC0 /* Colors.swift */ = {isa = PBXFileReference; lastKnownFileType = sourcecode.swift; path = Colors.swift; sourceTree = "<group>"; };
		8030890C2528893A00C51C22 /* GridGenerator.swift */ = {isa = PBXFileReference; lastKnownFileType = sourcecode.swift; path = GridGenerator.swift; sourceTree = "<group>"; };
		8030892E2528B78800C51C22 /* InfiniteBackgroundManager.swift */ = {isa = PBXFileReference; lastKnownFileType = sourcecode.swift; path = InfiniteBackgroundManager.swift; sourceTree = "<group>"; };
		8033B22B2542B0D90050C162 /* Mask.swift */ = {isa = PBXFileReference; lastKnownFileType = sourcecode.swift; path = Mask.swift; sourceTree = "<group>"; };
		8056EF17253C91AF000D226E /* InfiniteBorderManager.swift */ = {isa = PBXFileReference; lastKnownFileType = sourcecode.swift; path = InfiniteBorderManager.swift; sourceTree = "<group>"; };
		806B9DDC25455629003CB4EE /* Level.swift */ = {isa = PBXFileReference; lastKnownFileType = sourcecode.swift; path = Level.swift; sourceTree = "<group>"; };
		806B9DE425456510003CB4EE /* GamePresenter.swift */ = {isa = PBXFileReference; lastKnownFileType = sourcecode.swift; path = GamePresenter.swift; sourceTree = "<group>"; };
		8087E43D25442C8B00340D10 /* State.swift */ = {isa = PBXFileReference; lastKnownFileType = sourcecode.swift; path = State.swift; sourceTree = "<group>"; };
		8087E44825444AE500340D10 /* TrivialUIScene.swift */ = {isa = PBXFileReference; lastKnownFileType = sourcecode.swift; path = TrivialUIScene.swift; sourceTree = "<group>"; };
		8087E45825446E4000340D10 /* PlankObstacleShatterer.swift */ = {isa = PBXFileReference; lastKnownFileType = sourcecode.swift; path = PlankObstacleShatterer.swift; sourceTree = "<group>"; };
		8087E4602544A75800340D10 /* Launch Screen.storyboard */ = {isa = PBXFileReference; lastKnownFileType = file.storyboard; path = "Launch Screen.storyboard"; sourceTree = "<group>"; };
		80890CFD2540058A00F5552B /* RectObstacle.swift */ = {isa = PBXFileReference; lastKnownFileType = sourcecode.swift; path = RectObstacle.swift; sourceTree = "<group>"; };
		80890D05254006C200F5552B /* ObstacleArranger.swift */ = {isa = PBXFileReference; lastKnownFileType = sourcecode.swift; path = ObstacleArranger.swift; sourceTree = "<group>"; };
		809AD8C82561A3A00057C76E /* TrivialUISceneElement.swift */ = {isa = PBXFileReference; lastKnownFileType = sourcecode.swift; path = TrivialUISceneElement.swift; sourceTree = "<group>"; };
		809DE936254F169400975BD5 /* TextTypeNode.swift */ = {isa = PBXFileReference; lastKnownFileType = sourcecode.swift; path = TextTypeNode.swift; sourceTree = "<group>"; };
		80A4C33625396EE200EEB097 /* QuadraticSolver.swift */ = {isa = PBXFileReference; lastKnownFileType = sourcecode.swift; path = QuadraticSolver.swift; sourceTree = "<group>"; };
		80CA5F2F2524F187003E900D /* catcher.app */ = {isa = PBXFileReference; explicitFileType = wrapper.application; includeInIndex = 0; path = catcher.app; sourceTree = BUILT_PRODUCTS_DIR; };
		80CA5F322524F187003E900D /* AppDelegate.swift */ = {isa = PBXFileReference; lastKnownFileType = sourcecode.swift; path = AppDelegate.swift; sourceTree = "<group>"; };
		80CA5F382524F187003E900D /* BattleFieldScene.swift */ = {isa = PBXFileReference; lastKnownFileType = sourcecode.swift; path = BattleFieldScene.swift; sourceTree = "<group>"; };
		80CA5F3A2524F187003E900D /* GameViewController.swift */ = {isa = PBXFileReference; lastKnownFileType = sourcecode.swift; path = GameViewController.swift; sourceTree = "<group>"; };
		80CA5F3D2524F187003E900D /* Base */ = {isa = PBXFileReference; lastKnownFileType = file.storyboard; name = Base; path = Base.lproj/Main.storyboard; sourceTree = "<group>"; };
		80CA5F3F2524F18C003E900D /* Assets.xcassets */ = {isa = PBXFileReference; lastKnownFileType = folder.assetcatalog; path = Assets.xcassets; sourceTree = "<group>"; };
		80CA5F412524F18C003E900D /* Info.plist */ = {isa = PBXFileReference; lastKnownFileType = text.plist.xml; path = Info.plist; sourceTree = "<group>"; };
		80CA5F462524F18C003E900D /* catcherTests.xctest */ = {isa = PBXFileReference; explicitFileType = wrapper.cfbundle; includeInIndex = 0; path = catcherTests.xctest; sourceTree = BUILT_PRODUCTS_DIR; };
		80CA5F4A2524F18C003E900D /* catcherTests.swift */ = {isa = PBXFileReference; lastKnownFileType = sourcecode.swift; path = catcherTests.swift; sourceTree = "<group>"; };
		80CA5F4C2524F18D003E900D /* Info.plist */ = {isa = PBXFileReference; lastKnownFileType = text.plist.xml; path = Info.plist; sourceTree = "<group>"; };
		80CA5F512524F18D003E900D /* catcherUITests.xctest */ = {isa = PBXFileReference; explicitFileType = wrapper.cfbundle; includeInIndex = 0; path = catcherUITests.xctest; sourceTree = BUILT_PRODUCTS_DIR; };
		80CA5F552524F18D003E900D /* catcherUITests.swift */ = {isa = PBXFileReference; lastKnownFileType = sourcecode.swift; path = catcherUITests.swift; sourceTree = "<group>"; };
		80CA5F572524F18D003E900D /* Info.plist */ = {isa = PBXFileReference; lastKnownFileType = text.plist.xml; path = Info.plist; sourceTree = "<group>"; };
		80CA5F662524F711003E900D /* Hero.swift */ = {isa = PBXFileReference; lastKnownFileType = sourcecode.swift; path = Hero.swift; sourceTree = "<group>"; };
		80CA5F7325251221003E900D /* CGUtils.swift */ = {isa = PBXFileReference; lastKnownFileType = sourcecode.swift; path = CGUtils.swift; sourceTree = "<group>"; };
		9CA2A41E1EA9D4D9CFF4F789 /* Pods_catcher.framework */ = {isa = PBXFileReference; explicitFileType = wrapper.framework; includeInIndex = 0; path = Pods_catcher.framework; sourceTree = BUILT_PRODUCTS_DIR; };
/* End PBXFileReference section */

/* Begin PBXFrameworksBuildPhase section */
		80CA5F2C2524F187003E900D /* Frameworks */ = {
			isa = PBXFrameworksBuildPhase;
			buildActionMask = 2147483647;
			files = (
				23E3467028A91291005044B6 /* PinLayout in Frameworks */,
				2335706A28A0372D004C163B /* CGPathIntersection in Frameworks */,
				235778FF2982D4FD00AB56E7 /* Amplitude in Frameworks */,
				23FD3D1828784BF2007C178C /* LanguageManager-iOS in Frameworks */,
			);
			runOnlyForDeploymentPostprocessing = 0;
		};
		80CA5F432524F18C003E900D /* Frameworks */ = {
			isa = PBXFrameworksBuildPhase;
			buildActionMask = 2147483647;
			files = (
				78C0F6E39B8DC654C626DC3F /* Pods_catcherTests.framework in Frameworks */,
			);
			runOnlyForDeploymentPostprocessing = 0;
		};
		80CA5F4E2524F18D003E900D /* Frameworks */ = {
			isa = PBXFrameworksBuildPhase;
			buildActionMask = 2147483647;
			files = (
				B48118769D2D6398DFEA359D /* Pods_catcher_catcherUITests.framework in Frameworks */,
			);
			runOnlyForDeploymentPostprocessing = 0;
		};
/* End PBXFrameworksBuildPhase section */

/* Begin PBXGroup section */
		2348C9C028944A860096F7E4 /* Shaterrer */ = {
			isa = PBXGroup;
			children = (
				23F97A7D293A82620055F709 /* shatter.mp3 */,
				2391E959286BA0820043BCA4 /* HeroShatterer.swift */,
				8087E45825446E4000340D10 /* PlankObstacleShatterer.swift */,
				2348C9C1289452950096F7E4 /* RingObstacleShaterrer.swift */,
				2348C9C32896895D0096F7E4 /* Shatterer.swift */,
			);
			path = Shaterrer;
			sourceTree = "<group>";
		};
		2367EB3228A8191700B20667 /* Trivial */ = {
			isa = PBXGroup;
			children = (
				8087E44825444AE500340D10 /* TrivialUIScene.swift */,
				809AD8C82561A3A00057C76E /* TrivialUISceneElement.swift */,
				2388BA77287349BE00D27DBD /* TrivialUISceneText.swift */,
				2388BA79287349F700D27DBD /* TrivialUISceneButton.swift */,
				809DE936254F169400975BD5 /* TextTypeNode.swift */,
				2388BA7D287351AC00D27DBD /* ButtonNode.swift */,
			);
			path = Trivial;
			sourceTree = "<group>";
		};
		237944302918155200C3320F /* TitleButtonsView */ = {
			isa = PBXGroup;
			children = (
				2379442E2918154E00C3320F /* TitleButtonsView.swift */,
				237944312918158600C3320F /* ButtonViewModel.swift */,
			);
			path = TitleButtonsView;
			sourceTree = "<group>";
		};
		2388BA7128731AAE00D27DBD /* fonts */ = {
			isa = PBXGroup;
			children = (
				23F5D3E3297EC5A200C506FC /* NotoSansJP-Thin.otf */,
				23F5D3E1297C17BD00C506FC /* AlegreyaSansSC-Light.ttf */,
				2388BA7328731D7700D27DBD /* MajorMonoDisplay-Regular.ttf */,
			);
			path = fonts;
			sourceTree = "<group>";
		};
		2391E958286BA0340043BCA4 /* Hero */ = {
			isa = PBXGroup;
			children = (
				80CA5F662524F711003E900D /* Hero.swift */,
			);
			path = Hero;
			sourceTree = "<group>";
		};
		23E3466B28A90882005044B6 /* LevelSelect */ = {
			isa = PBXGroup;
			children = (
				23E3466C28A90892005044B6 /* LevelSelectView.swift */,
				23E3467128AA883B005044B6 /* LevelButtonModel.swift */,
				23E3467328AAB712005044B6 /* LevelSelectButton.swift */,
			);
			path = LevelSelect;
			sourceTree = "<group>";
		};
		8012B4F72545841000ACBCC0 /* Presenters */ = {
			isa = PBXGroup;
			children = (
				806B9DE425456510003CB4EE /* GamePresenter.swift */,
				8012B50625458FB400ACBCC0 /* BattleFieldPresenter.swift */,
				8012B4FE25458C8700ACBCC0 /* Presenter.swift */,
				8012B50B2545918B00ACBCC0 /* OnboardingPresenter.swift */,
				230D987728A8F111008D19CA /* LevelSelectPresenter.swift */,
				23825AAF28A8FB5C005E8273 /* BackgroundPresenter.swift */,
				23A9528E290D3D7C00B17C57 /* InfiniteStartPresenter.swift */,
				2379442629158B8300C3320F /* ModeSelectPresenter.swift */,
				237944332919884300C3320F /* LevelFailedPresenter.swift */,
				232440B4291C3D7500B3CB8D /* LevelFinishPresenter.swift */,
			);
			path = Presenters;
			sourceTree = "<group>";
		};
		803089112528938C00C51C22 /* Background */ = {
			isa = PBXGroup;
			children = (
				8030890C2528893A00C51C22 /* GridGenerator.swift */,
				8030892E2528B78800C51C22 /* InfiniteBackgroundManager.swift */,
				8056EF17253C91AF000D226E /* InfiniteBorderManager.swift */,
			);
			path = Background;
			sourceTree = "<group>";
		};
		804C3AB3254551DE0012EDD8 /* UI */ = {
			isa = PBXGroup;
			children = (
				237944302918155200C3320F /* TitleButtonsView */,
				23E3466B28A90882005044B6 /* LevelSelect */,
				2367EB3228A8191700B20667 /* Trivial */,
			);
			path = UI;
			sourceTree = "<group>";
		};
		806B9DDB25455616003CB4EE /* Model */ = {
			isa = PBXGroup;
			children = (
				806B9DDC25455629003CB4EE /* Level.swift */,
				23FD3D23287D4DC6007C178C /* ChallengingLevelFactory.swift */,
				23902E9B28A7AB7100D309DB /* Progress.swift */,
				23F5D3D7297C0A3900C506FC /* LevelFactory.swift */,
			);
			path = Model;
			sourceTree = "<group>";
		};
		80890CFC2540057800F5552B /* Obstacles */ = {
			isa = PBXGroup;
			children = (
				80890CFD2540058A00F5552B /* RectObstacle.swift */,
				23FD3D1B2879753D007C178C /* Obstacle.swift */,
				80890D05254006C200F5552B /* ObstacleArranger.swift */,
				23FD3D1D28797A0A007C178C /* MultiStateObstacle.swift */,
				23FD3D1F287C8B08007C178C /* MultiStatePlankObstacle.swift */,
				23D5CDED287DFDFC00523B8B /* PendulumPlankObstacle.swift */,
				23C0678C2880997900E2A5C9 /* StackObstacle.swift */,
				2317B83B288C080700EBFDCE /* RingObstacle.swift */,
				23DF8F5E2891ACBE00B43541 /* CarouselPlankObstacle.swift */,
				232E1B2B2892F53C00F38DA2 /* FragmentedRingObstacle.swift */,
				232E1B2D2892FA4F00F38DA2 /* ArcObstacle.swift */,
				23831FC7289FC19C002624BD /* StackArcObstacle.swift */,
				23B5F89C292A06DE006726FC /* PingPongPlankObstacle.swift */,
				23B5F89E292A15A1006726FC /* GatePlankObstacle.swift */,
				2310D37329868F3B001168B7 /* InnerOuterRingObstacle.swift */,
			);
			path = Obstacles;
			sourceTree = "<group>";
		};
		80A4C33225396EAF00EEB097 /* Utils */ = {
			isa = PBXGroup;
			children = (
				80CA5F7325251221003E900D /* CGUtils.swift */,
				80A4C33625396EE200EEB097 /* QuadraticSolver.swift */,
				8033B22B2542B0D90050C162 /* Mask.swift */,
				8012B525254606FA00ACBCC0 /* Colors.swift */,
				23FD3D21287CBFE4007C178C /* SKHelper.swift */,
				235F0B102991999100646875 /* GameKitHelper.swift */,
			);
			path = Utils;
			sourceTree = "<group>";
		};
		80CA5F262524F187003E900D = {
			isa = PBXGroup;
			children = (
				2388BA7128731AAE00D27DBD /* fonts */,
				80CA5F312524F187003E900D /* catcher */,
				80CA5F492524F18C003E900D /* catcherTests */,
				80CA5F542524F18D003E900D /* catcherUITests */,
				80CA5F302524F187003E900D /* Products */,
				924B3A52F89C0AB1FD04BCA9 /* Frameworks */,
			);
			sourceTree = "<group>";
		};
		80CA5F302524F187003E900D /* Products */ = {
			isa = PBXGroup;
			children = (
				80CA5F2F2524F187003E900D /* catcher.app */,
				80CA5F462524F18C003E900D /* catcherTests.xctest */,
				80CA5F512524F18D003E900D /* catcherUITests.xctest */,
			);
			name = Products;
			sourceTree = "<group>";
		};
		80CA5F312524F187003E900D /* catcher */ = {
			isa = PBXGroup;
			children = (
				806B9DDB25455616003CB4EE /* Model */,
				804C3AB3254551DE0012EDD8 /* UI */,
				2348C9C028944A860096F7E4 /* Shaterrer */,
				80890CFC2540057800F5552B /* Obstacles */,
				80A4C33225396EAF00EEB097 /* Utils */,
				8012B4F72545841000ACBCC0 /* Presenters */,
				803089112528938C00C51C22 /* Background */,
				2391E958286BA0340043BCA4 /* Hero */,
				80CA5F382524F187003E900D /* BattleFieldScene.swift */,
				80CA5F3A2524F187003E900D /* GameViewController.swift */,
				8087E4602544A75800340D10 /* Launch Screen.storyboard */,
				8087E43D25442C8B00340D10 /* State.swift */,
				23B33AC4287813AF00827535 /* Config.swift */,
				80CA5F3C2524F187003E900D /* Main.storyboard */,
				80CA5F322524F187003E900D /* AppDelegate.swift */,
				80CA5F3F2524F18C003E900D /* Assets.xcassets */,
				80CA5F412524F18C003E900D /* Info.plist */,
				800609442525DFC4007DA1FA /* TestScene.swift */,
				23B33ACA28782E2E00827535 /* Localizable.strings */,
				23E9F4D128903C110045651D /* SandboxScene.swift */,
			);
			path = catcher;
			sourceTree = "<group>";
		};
		80CA5F492524F18C003E900D /* catcherTests */ = {
			isa = PBXGroup;
			children = (
				80CA5F4A2524F18C003E900D /* catcherTests.swift */,
				80CA5F4C2524F18D003E900D /* Info.plist */,
			);
			path = catcherTests;
			sourceTree = "<group>";
		};
		80CA5F542524F18D003E900D /* catcherUITests */ = {
			isa = PBXGroup;
			children = (
				80CA5F552524F18D003E900D /* catcherUITests.swift */,
				80CA5F572524F18D003E900D /* Info.plist */,
			);
			path = catcherUITests;
			sourceTree = "<group>";
		};
		924B3A52F89C0AB1FD04BCA9 /* Frameworks */ = {
			isa = PBXGroup;
			children = (
				9CA2A41E1EA9D4D9CFF4F789 /* Pods_catcher.framework */,
				619FE2DCCAF04EEA0BBDACCB /* Pods_catcher_catcherUITests.framework */,
				067F0302B13A1BADBBE48596 /* Pods_catcherTests.framework */,
			);
			name = Frameworks;
			sourceTree = "<group>";
		};
/* End PBXGroup section */

/* Begin PBXNativeTarget section */
		80CA5F2E2524F187003E900D /* catcher */ = {
			isa = PBXNativeTarget;
			buildConfigurationList = 80CA5F5A2524F18D003E900D /* Build configuration list for PBXNativeTarget "catcher" */;
			buildPhases = (
				80CA5F2B2524F187003E900D /* Sources */,
				80CA5F2C2524F187003E900D /* Frameworks */,
				80CA5F2D2524F187003E900D /* Resources */,
			);
			buildRules = (
			);
			dependencies = (
			);
			name = catcher;
			packageProductDependencies = (
				23FD3D1728784BF2007C178C /* LanguageManager-iOS */,
				2335706928A0372D004C163B /* CGPathIntersection */,
				23E3466F28A91291005044B6 /* PinLayout */,
				235778FE2982D4FD00AB56E7 /* Amplitude */,
			);
			productName = catcher;
			productReference = 80CA5F2F2524F187003E900D /* catcher.app */;
			productType = "com.apple.product-type.application";
		};
		80CA5F452524F18C003E900D /* catcherTests */ = {
			isa = PBXNativeTarget;
			buildConfigurationList = 80CA5F5D2524F18D003E900D /* Build configuration list for PBXNativeTarget "catcherTests" */;
			buildPhases = (
				80CA5F422524F18C003E900D /* Sources */,
				80CA5F432524F18C003E900D /* Frameworks */,
				80CA5F442524F18C003E900D /* Resources */,
			);
			buildRules = (
			);
			dependencies = (
				80CA5F482524F18C003E900D /* PBXTargetDependency */,
			);
			name = catcherTests;
			productName = catcherTests;
			productReference = 80CA5F462524F18C003E900D /* catcherTests.xctest */;
			productType = "com.apple.product-type.bundle.unit-test";
		};
		80CA5F502524F18D003E900D /* catcherUITests */ = {
			isa = PBXNativeTarget;
			buildConfigurationList = 80CA5F602524F18D003E900D /* Build configuration list for PBXNativeTarget "catcherUITests" */;
			buildPhases = (
				80CA5F4D2524F18D003E900D /* Sources */,
				80CA5F4E2524F18D003E900D /* Frameworks */,
				80CA5F4F2524F18D003E900D /* Resources */,
			);
			buildRules = (
			);
			dependencies = (
				80CA5F532524F18D003E900D /* PBXTargetDependency */,
			);
			name = catcherUITests;
			productName = catcherUITests;
			productReference = 80CA5F512524F18D003E900D /* catcherUITests.xctest */;
			productType = "com.apple.product-type.bundle.ui-testing";
		};
/* End PBXNativeTarget section */

/* Begin PBXProject section */
		80CA5F272524F187003E900D /* Project object */ = {
			isa = PBXProject;
			attributes = {
				LastSwiftUpdateCheck = 1200;
				LastUpgradeCheck = 1410;
				TargetAttributes = {
					80CA5F2E2524F187003E900D = {
						CreatedOnToolsVersion = 12.0.1;
					};
					80CA5F452524F18C003E900D = {
						CreatedOnToolsVersion = 12.0.1;
						TestTargetID = 80CA5F2E2524F187003E900D;
					};
					80CA5F502524F18D003E900D = {
						CreatedOnToolsVersion = 12.0.1;
						TestTargetID = 80CA5F2E2524F187003E900D;
					};
				};
			};
			buildConfigurationList = 80CA5F2A2524F187003E900D /* Build configuration list for PBXProject "catcher" */;
			compatibilityVersion = "Xcode 9.3";
			developmentRegion = en;
			hasScannedForEncodings = 0;
			knownRegions = (
				en,
				Base,
				ru,
			);
			mainGroup = 80CA5F262524F187003E900D;
			packageReferences = (
				23FD3D1628784BF2007C178C /* XCRemoteSwiftPackageReference "LanguageManager-iOS" */,
				2335706828A0372D004C163B /* XCRemoteSwiftPackageReference "CGPathIntersection" */,
				23E3466E28A91291005044B6 /* XCRemoteSwiftPackageReference "PinLayout" */,
				235778FD2982D4FD00AB56E7 /* XCRemoteSwiftPackageReference "Amplitude-iOS" */,
			);
			productRefGroup = 80CA5F302524F187003E900D /* Products */;
			projectDirPath = "";
			projectRoot = "";
			targets = (
				80CA5F2E2524F187003E900D /* catcher */,
				80CA5F452524F18C003E900D /* catcherTests */,
				80CA5F502524F18D003E900D /* catcherUITests */,
			);
		};
/* End PBXProject section */

/* Begin PBXResourcesBuildPhase section */
		80CA5F2D2524F187003E900D /* Resources */ = {
			isa = PBXResourcesBuildPhase;
			buildActionMask = 2147483647;
			files = (
				8087E4612544A75900340D10 /* Launch Screen.storyboard in Resources */,
				23F5D3E4297EC5A600C506FC /* NotoSansJP-Thin.otf in Resources */,
				23F97A7E293A82620055F709 /* shatter.mp3 in Resources */,
				23B33AC828782E2E00827535 /* Localizable.strings in Resources */,
				23F5D3E2297C17C100C506FC /* AlegreyaSansSC-Light.ttf in Resources */,
				2388BA7428731DD800D27DBD /* MajorMonoDisplay-Regular.ttf in Resources */,
				80CA5F3E2524F187003E900D /* Main.storyboard in Resources */,
				80CA5F402524F18C003E900D /* Assets.xcassets in Resources */,
			);
			runOnlyForDeploymentPostprocessing = 0;
		};
		80CA5F442524F18C003E900D /* Resources */ = {
			isa = PBXResourcesBuildPhase;
			buildActionMask = 2147483647;
			files = (
				23FD3D1928784D3D007C178C /* Localizable.strings in Resources */,
			);
			runOnlyForDeploymentPostprocessing = 0;
		};
		80CA5F4F2524F18D003E900D /* Resources */ = {
			isa = PBXResourcesBuildPhase;
			buildActionMask = 2147483647;
			files = (
				23FD3D1A28784D3E007C178C /* Localizable.strings in Resources */,
			);
			runOnlyForDeploymentPostprocessing = 0;
		};
/* End PBXResourcesBuildPhase section */

/* Begin PBXSourcesBuildPhase section */
		80CA5F2B2524F187003E900D /* Sources */ = {
			isa = PBXSourcesBuildPhase;
			buildActionMask = 2147483647;
			files = (
				23B33AC5287813AF00827535 /* Config.swift in Sources */,
				23E9F4D228903C110045651D /* SandboxScene.swift in Sources */,
				23B5F89F292A15A1006726FC /* GatePlankObstacle.swift in Sources */,
				806B9DDD25455629003CB4EE /* Level.swift in Sources */,
				23E3466D28A90892005044B6 /* LevelSelectView.swift in Sources */,
				23E3467228AA883B005044B6 /* LevelButtonModel.swift in Sources */,
				8012B526254606FA00ACBCC0 /* Colors.swift in Sources */,
				237944322918158600C3320F /* ButtonViewModel.swift in Sources */,
				8012B50725458FB400ACBCC0 /* BattleFieldPresenter.swift in Sources */,
				23C0678D2880997900E2A5C9 /* StackObstacle.swift in Sources */,
				23FD3D22287CBFE4007C178C /* SKHelper.swift in Sources */,
				8012B4FF25458C8700ACBCC0 /* Presenter.swift in Sources */,
				80CA5F392524F187003E900D /* BattleFieldScene.swift in Sources */,
				80890CFE2540058A00F5552B /* RectObstacle.swift in Sources */,
				2391E95A286BA0820043BCA4 /* HeroShatterer.swift in Sources */,
				2348C9C42896895D0096F7E4 /* Shatterer.swift in Sources */,
				80CA5F3B2524F187003E900D /* GameViewController.swift in Sources */,
				8030892F2528B78800C51C22 /* InfiniteBackgroundManager.swift in Sources */,
				2379442F2918154E00C3320F /* TitleButtonsView.swift in Sources */,
				23825AB028A8FB5C005E8273 /* BackgroundPresenter.swift in Sources */,
				8030890D2528893A00C51C22 /* GridGenerator.swift in Sources */,
				23FD3D1E28797A0A007C178C /* MultiStateObstacle.swift in Sources */,
				800609452525DFC4007DA1FA /* TestScene.swift in Sources */,
				80A4C33725396EE200EEB097 /* QuadraticSolver.swift in Sources */,
				2317B83C288C080700EBFDCE /* RingObstacle.swift in Sources */,
				23FD3D20287C8B08007C178C /* MultiStatePlankObstacle.swift in Sources */,
				237944342919884300C3320F /* LevelFailedPresenter.swift in Sources */,
				235F0B112991999100646875 /* GameKitHelper.swift in Sources */,
				230D987828A8F111008D19CA /* LevelSelectPresenter.swift in Sources */,
				8056EF18253C91AF000D226E /* InfiniteBorderManager.swift in Sources */,
				232440B5291C3D7500B3CB8D /* LevelFinishPresenter.swift in Sources */,
				2388BA7E287351AC00D27DBD /* ButtonNode.swift in Sources */,
				23831FC8289FC19C002624BD /* StackArcObstacle.swift in Sources */,
				8087E45925446E4000340D10 /* PlankObstacleShatterer.swift in Sources */,
				8087E43E25442C8B00340D10 /* State.swift in Sources */,
				23DF8F5F2891ACBE00B43541 /* CarouselPlankObstacle.swift in Sources */,
				23D5CDEE287DFDFC00523B8B /* PendulumPlankObstacle.swift in Sources */,
				23F5D3D8297C0A3900C506FC /* LevelFactory.swift in Sources */,
				2348C9C2289452950096F7E4 /* RingObstacleShaterrer.swift in Sources */,
				232E1B2C2892F53C00F38DA2 /* FragmentedRingObstacle.swift in Sources */,
				80890D06254006C200F5552B /* ObstacleArranger.swift in Sources */,
				23FD3D24287D4DC6007C178C /* ChallengingLevelFactory.swift in Sources */,
				809DE937254F169400975BD5 /* TextTypeNode.swift in Sources */,
				2388BA78287349BE00D27DBD /* TrivialUISceneText.swift in Sources */,
				806B9DE525456510003CB4EE /* GamePresenter.swift in Sources */,
				8033B22C2542B0D90050C162 /* Mask.swift in Sources */,
				80CA5F7425251221003E900D /* CGUtils.swift in Sources */,
				23902E9C28A7AB7100D309DB /* Progress.swift in Sources */,
				2379442729158B8300C3320F /* ModeSelectPresenter.swift in Sources */,
				23A9528F290D3D7C00B17C57 /* InfiniteStartPresenter.swift in Sources */,
				232E1B2E2892FA4F00F38DA2 /* ArcObstacle.swift in Sources */,
				8087E44925444AE500340D10 /* TrivialUIScene.swift in Sources */,
				8012B50C2545918B00ACBCC0 /* OnboardingPresenter.swift in Sources */,
				23FD3D1C2879753D007C178C /* Obstacle.swift in Sources */,
				80CA5F332524F187003E900D /* AppDelegate.swift in Sources */,
				2388BA7A287349F700D27DBD /* TrivialUISceneButton.swift in Sources */,
				23B5F89D292A06DE006726FC /* PingPongPlankObstacle.swift in Sources */,
				809AD8C92561A3A00057C76E /* TrivialUISceneElement.swift in Sources */,
				2310D37429868F3B001168B7 /* InnerOuterRingObstacle.swift in Sources */,
				23E3467428AAB712005044B6 /* LevelSelectButton.swift in Sources */,
				80CA5F672524F711003E900D /* Hero.swift in Sources */,
			);
			runOnlyForDeploymentPostprocessing = 0;
		};
		80CA5F422524F18C003E900D /* Sources */ = {
			isa = PBXSourcesBuildPhase;
			buildActionMask = 2147483647;
			files = (
				80CA5F4B2524F18D003E900D /* catcherTests.swift in Sources */,
			);
			runOnlyForDeploymentPostprocessing = 0;
		};
		80CA5F4D2524F18D003E900D /* Sources */ = {
			isa = PBXSourcesBuildPhase;
			buildActionMask = 2147483647;
			files = (
				80CA5F562524F18D003E900D /* catcherUITests.swift in Sources */,
			);
			runOnlyForDeploymentPostprocessing = 0;
		};
/* End PBXSourcesBuildPhase section */

/* Begin PBXTargetDependency section */
		80CA5F482524F18C003E900D /* PBXTargetDependency */ = {
			isa = PBXTargetDependency;
			target = 80CA5F2E2524F187003E900D /* catcher */;
			targetProxy = 80CA5F472524F18C003E900D /* PBXContainerItemProxy */;
		};
		80CA5F532524F18D003E900D /* PBXTargetDependency */ = {
			isa = PBXTargetDependency;
			target = 80CA5F2E2524F187003E900D /* catcher */;
			targetProxy = 80CA5F522524F18D003E900D /* PBXContainerItemProxy */;
		};
/* End PBXTargetDependency section */

/* Begin PBXVariantGroup section */
		23B33ACA28782E2E00827535 /* Localizable.strings */ = {
			isa = PBXVariantGroup;
			children = (
				23B33AC928782E2E00827535 /* en */,
				23B33ACD28782E7F00827535 /* ru */,
			);
			name = Localizable.strings;
			sourceTree = "<group>";
		};
		80CA5F3C2524F187003E900D /* Main.storyboard */ = {
			isa = PBXVariantGroup;
			children = (
				80CA5F3D2524F187003E900D /* Base */,
			);
			name = Main.storyboard;
			sourceTree = "<group>";
		};
/* End PBXVariantGroup section */

/* Begin XCBuildConfiguration section */
		80CA5F582524F18D003E900D /* Debug */ = {
			isa = XCBuildConfiguration;
			buildSettings = {
				ALWAYS_SEARCH_USER_PATHS = NO;
				AMPLITUDE_KEY = 4c79b0134c6ca8e4db63f5f21a030fa01111;
				CLANG_ANALYZER_LOCALIZABILITY_NONLOCALIZED = YES;
				CLANG_ANALYZER_NONNULL = YES;
				CLANG_ANALYZER_NUMBER_OBJECT_CONVERSION = YES_AGGRESSIVE;
				CLANG_CXX_LANGUAGE_STANDARD = "gnu++14";
				CLANG_CXX_LIBRARY = "libc++";
				CLANG_ENABLE_MODULES = YES;
				CLANG_ENABLE_OBJC_ARC = YES;
				CLANG_ENABLE_OBJC_WEAK = YES;
				CLANG_WARN_BLOCK_CAPTURE_AUTORELEASING = YES;
				CLANG_WARN_BOOL_CONVERSION = YES;
				CLANG_WARN_COMMA = YES;
				CLANG_WARN_CONSTANT_CONVERSION = YES;
				CLANG_WARN_DEPRECATED_OBJC_IMPLEMENTATIONS = YES;
				CLANG_WARN_DIRECT_OBJC_ISA_USAGE = YES_ERROR;
				CLANG_WARN_DOCUMENTATION_COMMENTS = YES;
				CLANG_WARN_EMPTY_BODY = YES;
				CLANG_WARN_ENUM_CONVERSION = YES;
				CLANG_WARN_INFINITE_RECURSION = YES;
				CLANG_WARN_INT_CONVERSION = YES;
				CLANG_WARN_NON_LITERAL_NULL_CONVERSION = YES;
				CLANG_WARN_OBJC_IMPLICIT_RETAIN_SELF = YES;
				CLANG_WARN_OBJC_LITERAL_CONVERSION = YES;
				CLANG_WARN_OBJC_ROOT_CLASS = YES_ERROR;
				CLANG_WARN_QUOTED_INCLUDE_IN_FRAMEWORK_HEADER = YES;
				CLANG_WARN_RANGE_LOOP_ANALYSIS = YES;
				CLANG_WARN_STRICT_PROTOTYPES = YES;
				CLANG_WARN_SUSPICIOUS_MOVE = YES;
				CLANG_WARN_UNGUARDED_AVAILABILITY = YES_AGGRESSIVE;
				CLANG_WARN_UNREACHABLE_CODE = YES;
				CLANG_WARN__DUPLICATE_METHOD_MATCH = YES;
				COPY_PHASE_STRIP = NO;
				DEBUG_INFORMATION_FORMAT = dwarf;
				ENABLE_STRICT_OBJC_MSGSEND = YES;
				ENABLE_TESTABILITY = YES;
				GCC_C_LANGUAGE_STANDARD = gnu11;
				GCC_DYNAMIC_NO_PIC = NO;
				GCC_NO_COMMON_BLOCKS = YES;
				GCC_OPTIMIZATION_LEVEL = 0;
				GCC_PREPROCESSOR_DEFINITIONS = (
					"DEBUG=1",
					"$(inherited)",
				);
				GCC_WARN_64_TO_32_BIT_CONVERSION = YES;
				GCC_WARN_ABOUT_RETURN_TYPE = YES_ERROR;
				GCC_WARN_UNDECLARED_SELECTOR = YES;
				GCC_WARN_UNINITIALIZED_AUTOS = YES_AGGRESSIVE;
				GCC_WARN_UNUSED_FUNCTION = YES;
				GCC_WARN_UNUSED_VARIABLE = YES;
				IPHONEOS_DEPLOYMENT_TARGET = 12.0;
				MTL_ENABLE_DEBUG_INFO = INCLUDE_SOURCE;
				MTL_FAST_MATH = YES;
				ONLY_ACTIVE_ARCH = YES;
				SDKROOT = iphoneos;
				SWIFT_ACTIVE_COMPILATION_CONDITIONS = DEBUG;
				SWIFT_OPTIMIZATION_LEVEL = "-Onone";
			};
			name = Debug;
		};
		80CA5F592524F18D003E900D /* Release */ = {
			isa = XCBuildConfiguration;
			buildSettings = {
				ALWAYS_SEARCH_USER_PATHS = NO;
				AMPLITUDE_KEY = 3df06fb3d6f8e229e567e72fdcdd1bc8;
				CLANG_ANALYZER_LOCALIZABILITY_NONLOCALIZED = YES;
				CLANG_ANALYZER_NONNULL = YES;
				CLANG_ANALYZER_NUMBER_OBJECT_CONVERSION = YES_AGGRESSIVE;
				CLANG_CXX_LANGUAGE_STANDARD = "gnu++14";
				CLANG_CXX_LIBRARY = "libc++";
				CLANG_ENABLE_MODULES = YES;
				CLANG_ENABLE_OBJC_ARC = YES;
				CLANG_ENABLE_OBJC_WEAK = YES;
				CLANG_WARN_BLOCK_CAPTURE_AUTORELEASING = YES;
				CLANG_WARN_BOOL_CONVERSION = YES;
				CLANG_WARN_COMMA = YES;
				CLANG_WARN_CONSTANT_CONVERSION = YES;
				CLANG_WARN_DEPRECATED_OBJC_IMPLEMENTATIONS = YES;
				CLANG_WARN_DIRECT_OBJC_ISA_USAGE = YES_ERROR;
				CLANG_WARN_DOCUMENTATION_COMMENTS = YES;
				CLANG_WARN_EMPTY_BODY = YES;
				CLANG_WARN_ENUM_CONVERSION = YES;
				CLANG_WARN_INFINITE_RECURSION = YES;
				CLANG_WARN_INT_CONVERSION = YES;
				CLANG_WARN_NON_LITERAL_NULL_CONVERSION = YES;
				CLANG_WARN_OBJC_IMPLICIT_RETAIN_SELF = YES;
				CLANG_WARN_OBJC_LITERAL_CONVERSION = YES;
				CLANG_WARN_OBJC_ROOT_CLASS = YES_ERROR;
				CLANG_WARN_QUOTED_INCLUDE_IN_FRAMEWORK_HEADER = YES;
				CLANG_WARN_RANGE_LOOP_ANALYSIS = YES;
				CLANG_WARN_STRICT_PROTOTYPES = YES;
				CLANG_WARN_SUSPICIOUS_MOVE = YES;
				CLANG_WARN_UNGUARDED_AVAILABILITY = YES_AGGRESSIVE;
				CLANG_WARN_UNREACHABLE_CODE = YES;
				CLANG_WARN__DUPLICATE_METHOD_MATCH = YES;
				COPY_PHASE_STRIP = NO;
				DEBUG_INFORMATION_FORMAT = "dwarf-with-dsym";
				ENABLE_NS_ASSERTIONS = NO;
				ENABLE_STRICT_OBJC_MSGSEND = YES;
				GCC_C_LANGUAGE_STANDARD = gnu11;
				GCC_NO_COMMON_BLOCKS = YES;
				GCC_WARN_64_TO_32_BIT_CONVERSION = YES;
				GCC_WARN_ABOUT_RETURN_TYPE = YES_ERROR;
				GCC_WARN_UNDECLARED_SELECTOR = YES;
				GCC_WARN_UNINITIALIZED_AUTOS = YES_AGGRESSIVE;
				GCC_WARN_UNUSED_FUNCTION = YES;
				GCC_WARN_UNUSED_VARIABLE = YES;
				IPHONEOS_DEPLOYMENT_TARGET = 12.0;
				MTL_ENABLE_DEBUG_INFO = NO;
				MTL_FAST_MATH = YES;
				SDKROOT = iphoneos;
				SWIFT_COMPILATION_MODE = wholemodule;
				SWIFT_OPTIMIZATION_LEVEL = "-O";
				VALIDATE_PRODUCT = YES;
			};
			name = Release;
		};
		80CA5F5B2524F18D003E900D /* Debug */ = {
			isa = XCBuildConfiguration;
			buildSettings = {
				AMPLITUDE_KEY = 4c79b0134c6ca8e4db63f5f21a030fa0;
				ASSETCATALOG_COMPILER_APPICON_NAME = AppIcon;
				ASSETCATALOG_COMPILER_GLOBAL_ACCENT_COLOR_NAME = AccentColor;
				CODE_SIGN_STYLE = Automatic;
				CURRENT_PROJECT_VERSION = 2.0;
				DEVELOPMENT_TEAM = B8QJ3BBF95;
				ENV = Debug;
				INFOPLIST_FILE = catcher/Info.plist;
				INFOPLIST_KEY_LSApplicationCategoryType = "public.app-category.games";
				LD_RUNPATH_SEARCH_PATHS = (
					"$(inherited)",
					"@executable_path/Frameworks",
				);
				MARKETING_VERSION = 1.1;
				"OTHER_LDFLAGS[arch=*]" = "-lsqlite3.0";
				PRODUCT_BUNDLE_IDENTIFIER = zhuravlev.catcher;
				PRODUCT_NAME = "$(TARGET_NAME)";
				SUPPORTED_PLATFORMS = "iphoneos iphonesimulator";
				SUPPORTS_MACCATALYST = NO;
				SUPPORTS_MAC_DESIGNED_FOR_IPHONE_IPAD = NO;
				SWIFT_VERSION = 5.0;
				TARGETED_DEVICE_FAMILY = 1;
			};
			name = Debug;
		};
		80CA5F5C2524F18D003E900D /* Release */ = {
			isa = XCBuildConfiguration;
			buildSettings = {
				AMPLITUDE_KEY = 3df06fb3d6f8e229e567e72fdcdd1bc8;
				ASSETCATALOG_COMPILER_APPICON_NAME = AppIcon;
				ASSETCATALOG_COMPILER_GLOBAL_ACCENT_COLOR_NAME = AccentColor;
				CODE_SIGN_STYLE = Automatic;
				CURRENT_PROJECT_VERSION = 2.0;
				DEVELOPMENT_TEAM = B8QJ3BBF95;
				ENV = Release;
				INFOPLIST_FILE = catcher/Info.plist;
				INFOPLIST_KEY_LSApplicationCategoryType = "public.app-category.games";
				LD_RUNPATH_SEARCH_PATHS = (
					"$(inherited)",
					"@executable_path/Frameworks",
				);
				MARKETING_VERSION = 1.1;
				"OTHER_LDFLAGS[arch=*]" = "-lsqlite3.0";
				PRODUCT_BUNDLE_IDENTIFIER = zhuravlev.catcher;
				PRODUCT_NAME = "$(TARGET_NAME)";
				SUPPORTED_PLATFORMS = "iphoneos iphonesimulator";
				SUPPORTS_MACCATALYST = NO;
				SUPPORTS_MAC_DESIGNED_FOR_IPHONE_IPAD = NO;
				SWIFT_VERSION = 5.0;
				TARGETED_DEVICE_FAMILY = 1;
			};
			name = Release;
		};
		80CA5F5E2524F18D003E900D /* Debug */ = {
			isa = XCBuildConfiguration;
			buildSettings = {
				ALWAYS_EMBED_SWIFT_STANDARD_LIBRARIES = YES;
				AMPLITUDE_KEY = 4c79b0134c6ca8e4db63f5f21a030fa0;
				BUNDLE_LOADER = "$(TEST_HOST)";
				CODE_SIGN_STYLE = Automatic;
				INFOPLIST_FILE = catcherTests/Info.plist;
				IPHONEOS_DEPLOYMENT_TARGET = 14.0;
				LD_RUNPATH_SEARCH_PATHS = (
					"$(inherited)",
					"@executable_path/Frameworks",
					"@loader_path/Frameworks",
				);
				PRODUCT_BUNDLE_IDENTIFIER = zhuravlev.catcherTests;
				PRODUCT_NAME = "$(TARGET_NAME)";
				SWIFT_VERSION = 5.0;
				TARGETED_DEVICE_FAMILY = "1,2";
				TEST_HOST = "$(BUILT_PRODUCTS_DIR)/catcher.app/catcher";
			};
			name = Debug;
		};
		80CA5F5F2524F18D003E900D /* Release */ = {
			isa = XCBuildConfiguration;
			buildSettings = {
				ALWAYS_EMBED_SWIFT_STANDARD_LIBRARIES = YES;
				BUNDLE_LOADER = "$(TEST_HOST)";
				CODE_SIGN_STYLE = Automatic;
				INFOPLIST_FILE = catcherTests/Info.plist;
				IPHONEOS_DEPLOYMENT_TARGET = 14.0;
				LD_RUNPATH_SEARCH_PATHS = (
					"$(inherited)",
					"@executable_path/Frameworks",
					"@loader_path/Frameworks",
				);
				PRODUCT_BUNDLE_IDENTIFIER = zhuravlev.catcherTests;
				PRODUCT_NAME = "$(TARGET_NAME)";
				SWIFT_VERSION = 5.0;
				TARGETED_DEVICE_FAMILY = "1,2";
				TEST_HOST = "$(BUILT_PRODUCTS_DIR)/catcher.app/catcher";
			};
			name = Release;
		};
		80CA5F612524F18D003E900D /* Debug */ = {
			isa = XCBuildConfiguration;
			buildSettings = {
				ALWAYS_EMBED_SWIFT_STANDARD_LIBRARIES = YES;
				AMPLITUDE_KEY = 4c79b0134c6ca8e4db63f5f21a030fa0;
				CODE_SIGN_STYLE = Automatic;
				INFOPLIST_FILE = catcherUITests/Info.plist;
				LD_RUNPATH_SEARCH_PATHS = (
					"$(inherited)",
					"@executable_path/Frameworks",
					"@loader_path/Frameworks",
				);
				PRODUCT_BUNDLE_IDENTIFIER = zhuravlev.catcherUITests;
				PRODUCT_NAME = "$(TARGET_NAME)";
				SWIFT_VERSION = 5.0;
				TARGETED_DEVICE_FAMILY = "1,2";
				TEST_TARGET_NAME = catcher;
			};
			name = Debug;
		};
		80CA5F622524F18D003E900D /* Release */ = {
			isa = XCBuildConfiguration;
			buildSettings = {
				ALWAYS_EMBED_SWIFT_STANDARD_LIBRARIES = YES;
				CODE_SIGN_STYLE = Automatic;
				INFOPLIST_FILE = catcherUITests/Info.plist;
				LD_RUNPATH_SEARCH_PATHS = (
					"$(inherited)",
					"@executable_path/Frameworks",
					"@loader_path/Frameworks",
				);
				PRODUCT_BUNDLE_IDENTIFIER = zhuravlev.catcherUITests;
				PRODUCT_NAME = "$(TARGET_NAME)";
				SWIFT_VERSION = 5.0;
				TARGETED_DEVICE_FAMILY = "1,2";
				TEST_TARGET_NAME = catcher;
			};
			name = Release;
		};
/* End XCBuildConfiguration section */

/* Begin XCConfigurationList section */
		80CA5F2A2524F187003E900D /* Build configuration list for PBXProject "catcher" */ = {
			isa = XCConfigurationList;
			buildConfigurations = (
				80CA5F582524F18D003E900D /* Debug */,
				80CA5F592524F18D003E900D /* Release */,
			);
			defaultConfigurationIsVisible = 0;
			defaultConfigurationName = Release;
		};
		80CA5F5A2524F18D003E900D /* Build configuration list for PBXNativeTarget "catcher" */ = {
			isa = XCConfigurationList;
			buildConfigurations = (
				80CA5F5B2524F18D003E900D /* Debug */,
				80CA5F5C2524F18D003E900D /* Release */,
			);
			defaultConfigurationIsVisible = 0;
			defaultConfigurationName = Release;
		};
		80CA5F5D2524F18D003E900D /* Build configuration list for PBXNativeTarget "catcherTests" */ = {
			isa = XCConfigurationList;
			buildConfigurations = (
				80CA5F5E2524F18D003E900D /* Debug */,
				80CA5F5F2524F18D003E900D /* Release */,
			);
			defaultConfigurationIsVisible = 0;
			defaultConfigurationName = Release;
		};
		80CA5F602524F18D003E900D /* Build configuration list for PBXNativeTarget "catcherUITests" */ = {
			isa = XCConfigurationList;
			buildConfigurations = (
				80CA5F612524F18D003E900D /* Debug */,
				80CA5F622524F18D003E900D /* Release */,
			);
			defaultConfigurationIsVisible = 0;
			defaultConfigurationName = Release;
		};
/* End XCConfigurationList section */

/* Begin XCRemoteSwiftPackageReference section */
		2335706828A0372D004C163B /* XCRemoteSwiftPackageReference "CGPathIntersection" */ = {
			isa = XCRemoteSwiftPackageReference;
			repositoryURL = "https://github.com/calda/CGPathIntersection.git";
			requirement = {
				branch = master;
				kind = branch;
			};
		};
		235778FD2982D4FD00AB56E7 /* XCRemoteSwiftPackageReference "Amplitude-iOS" */ = {
			isa = XCRemoteSwiftPackageReference;
			repositoryURL = "https://github.com/amplitude/Amplitude-iOS";
			requirement = {
				branch = main;
				kind = branch;
			};
		};
		23E3466E28A91291005044B6 /* XCRemoteSwiftPackageReference "PinLayout" */ = {
			isa = XCRemoteSwiftPackageReference;
			repositoryURL = "https://github.com/layoutBox/PinLayout";
			requirement = {
				kind = upToNextMajorVersion;
				minimumVersion = 1.0.0;
			};
		};
		23FD3D1628784BF2007C178C /* XCRemoteSwiftPackageReference "LanguageManager-iOS" */ = {
			isa = XCRemoteSwiftPackageReference;
			repositoryURL = "https://github.com/Abedalkareem/LanguageManager-iOS";
			requirement = {
				branch = master;
				kind = branch;
			};
		};
/* End XCRemoteSwiftPackageReference section */

/* Begin XCSwiftPackageProductDependency section */
		2335706928A0372D004C163B /* CGPathIntersection */ = {
			isa = XCSwiftPackageProductDependency;
			package = 2335706828A0372D004C163B /* XCRemoteSwiftPackageReference "CGPathIntersection" */;
			productName = CGPathIntersection;
		};
		235778FE2982D4FD00AB56E7 /* Amplitude */ = {
			isa = XCSwiftPackageProductDependency;
			package = 235778FD2982D4FD00AB56E7 /* XCRemoteSwiftPackageReference "Amplitude-iOS" */;
			productName = Amplitude;
		};
		23E3466F28A91291005044B6 /* PinLayout */ = {
			isa = XCSwiftPackageProductDependency;
			package = 23E3466E28A91291005044B6 /* XCRemoteSwiftPackageReference "PinLayout" */;
			productName = PinLayout;
		};
		23FD3D1728784BF2007C178C /* LanguageManager-iOS */ = {
			isa = XCSwiftPackageProductDependency;
			package = 23FD3D1628784BF2007C178C /* XCRemoteSwiftPackageReference "LanguageManager-iOS" */;
			productName = "LanguageManager-iOS";
		};
/* End XCSwiftPackageProductDependency section */
	};
	rootObject = 80CA5F272524F187003E900D /* Project object */;
}
